
Microsoft Visual Studio Solution File, Format Version 12.00
# Visual Studio Version 17
VisualStudioVersion = 17.1.32328.378
MinimumVisualStudioVersion = 10.0.40219.1
Project("{9A19103F-16F7-4668-BE54-9A1E7A4F7556}") = "WeatherViewer", "WeatherViewer\WeatherViewer.csproj", "{A1076109-ACAA-4473-A8C2-05256C5AA9AF}"
EndProject
Global
	GlobalSection(SolutionConfigurationPlatforms) = preSolution
		Debug|Any CPU = Debug|Any CPU
		Release|Any CPU = Release|Any CPU
	EndGlobalSection
	GlobalSection(ProjectConfigurationPlatforms) = postSolution
		{A1076109-ACAA-4473-A8C2-05256C5AA9AF}.Debug|Any CPU.ActiveCfg = Debug|Any CPU
		{A1076109-ACAA-4473-A8C2-05256C5AA9AF}.Debug|Any CPU.Build.0 = Debug|Any CPU
		{A1076109-ACAA-4473-A8C2-05256C5AA9AF}.Release|Any CPU.ActiveCfg = Release|Any CPU
		{A1076109-ACAA-4473-A8C2-05256C5AA9AF}.Release|Any CPU.Build.0 = Release|Any CPU
	EndGlobalSection
	GlobalSection(SolutionProperties) = preSolution
		HideSolutionNode = FALSE
	EndGlobalSection
	GlobalSection(ExtensibilityGlobals) = postSolution
		SolutionGuid = {A17DAA1B-2567-4E29-9333-D34CDEDE9D2D}
	EndGlobalSection
EndGlobal
